// !$*UTF8*$!
{
	archiveVersion = 1;
	classes = {
	};
	objectVersion = 46;
	objects = {

/* Begin PBXBuildFile section */
		711026411E07A708007A16DB /* main.m in Sources */ = {isa = PBXBuildFile; fileRef = 711026401E07A708007A16DB /* main.m */; };
		711026441E07A708007A16DB /* AppDelegate.m in Sources */ = {isa = PBXBuildFile; fileRef = 711026431E07A708007A16DB /* AppDelegate.m */; };
		711026471E07A708007A16DB /* ViewController.m in Sources */ = {isa = PBXBuildFile; fileRef = 711026461E07A708007A16DB /* ViewController.m */; };
		7110264A1E07A708007A16DB /* Main.storyboard in Resources */ = {isa = PBXBuildFile; fileRef = 711026481E07A708007A16DB /* Main.storyboard */; };
		7110264C1E07A708007A16DB /* Assets.xcassets in Resources */ = {isa = PBXBuildFile; fileRef = 7110264B1E07A708007A16DB /* Assets.xcassets */; };
		7110264F1E07A708007A16DB /* LaunchScreen.storyboard in Resources */ = {isa = PBXBuildFile; fileRef = 7110264D1E07A708007A16DB /* LaunchScreen.storyboard */; };
		7110265A1E07A708007A16DB /* ex1_1_4Tests.m in Sources */ = {isa = PBXBuildFile; fileRef = 711026591E07A708007A16DB /* ex1_1_4Tests.m */; };
		711026651E07A708007A16DB /* ex1_1_4UITests.m in Sources */ = {isa = PBXBuildFile; fileRef = 711026641E07A708007A16DB /* ex1_1_4UITests.m */; };
		7110267A1E07BF55007A16DB /* Account.m in Sources */ = {isa = PBXBuildFile; fileRef = 711026791E07BF55007A16DB /* Account.m */; };
/* End PBXBuildFile section */

/* Begin PBXContainerItemProxy section */
		711026561E07A708007A16DB /* PBXContainerItemProxy */ = {
			isa = PBXContainerItemProxy;
			containerPortal = 711026341E07A708007A16DB /* Project object */;
			proxyType = 1;
			remoteGlobalIDString = 7110263B1E07A708007A16DB;
			remoteInfo = "ex1-1-4";
		};
		711026611E07A708007A16DB /* PBXContainerItemProxy */ = {
			isa = PBXContainerItemProxy;
			containerPortal = 711026341E07A708007A16DB /* Project object */;
			proxyType = 1;
			remoteGlobalIDString = 7110263B1E07A708007A16DB;
			remoteInfo = "ex1-1-4";
		};
/* End PBXContainerItemProxy section */

/* Begin PBXFileReference section */
		7110263C1E07A708007A16DB /* ex1-1-4.app */ = {isa = PBXFileReference; explicitFileType = wrapper.application; includeInIndex = 0; path = "ex1-1-4.app"; sourceTree = BUILT_PRODUCTS_DIR; };
		711026401E07A708007A16DB /* main.m */ = {isa = PBXFileReference; lastKnownFileType = sourcecode.c.objc; path = main.m; sourceTree = "<group>"; };
		711026421E07A708007A16DB /* AppDelegate.h */ = {isa = PBXFileReference; lastKnownFileType = sourcecode.c.h; path = AppDelegate.h; sourceTree = "<group>"; };
		711026431E07A708007A16DB /* AppDelegate.m */ = {isa = PBXFileReference; lastKnownFileType = sourcecode.c.objc; path = AppDelegate.m; sourceTree = "<group>"; };
		711026451E07A708007A16DB /* ViewController.h */ = {isa = PBXFileReference; lastKnownFileType = sourcecode.c.h; path = ViewController.h; sourceTree = "<group>"; };
		711026461E07A708007A16DB /* ViewController.m */ = {isa = PBXFileReference; lastKnownFileType = sourcecode.c.objc; path = ViewController.m; sourceTree = "<group>"; };
		711026491E07A708007A16DB /* Base */ = {isa = PBXFileReference; lastKnownFileType = file.storyboard; name = Base; path = Base.lproj/Main.storyboard; sourceTree = "<group>"; };
		7110264B1E07A708007A16DB /* Assets.xcassets */ = {isa = PBXFileReference; lastKnownFileType = folder.assetcatalog; path = Assets.xcassets; sourceTree = "<group>"; };
		7110264E1E07A708007A16DB /* Base */ = {isa = PBXFileReference; lastKnownFileType = file.storyboard; name = Base; path = Base.lproj/LaunchScreen.storyboard; sourceTree = "<group>"; };
		711026501E07A708007A16DB /* Info.plist */ = {isa = PBXFileReference; lastKnownFileType = text.plist.xml; path = Info.plist; sourceTree = "<group>"; };
		711026551E07A708007A16DB /* ex1-1-4Tests.xctest */ = {isa = PBXFileReference; explicitFileType = wrapper.cfbundle; includeInIndex = 0; path = "ex1-1-4Tests.xctest"; sourceTree = BUILT_PRODUCTS_DIR; };
		711026591E07A708007A16DB /* ex1_1_4Tests.m */ = {isa = PBXFileReference; lastKnownFileType = sourcecode.c.objc; path = ex1_1_4Tests.m; sourceTree = "<group>"; };
		7110265B1E07A708007A16DB /* Info.plist */ = {isa = PBXFileReference; lastKnownFileType = text.plist.xml; path = Info.plist; sourceTree = "<group>"; };
		711026601E07A708007A16DB /* ex1-1-4UITests.xctest */ = {isa = PBXFileReference; explicitFileType = wrapper.cfbundle; includeInIndex = 0; path = "ex1-1-4UITests.xctest"; sourceTree = BUILT_PRODUCTS_DIR; };
		711026641E07A708007A16DB /* ex1_1_4UITests.m */ = {isa = PBXFileReference; lastKnownFileType = sourcecode.c.objc; path = ex1_1_4UITests.m; sourceTree = "<group>"; };
		711026661E07A708007A16DB /* Info.plist */ = {isa = PBXFileReference; lastKnownFileType = text.plist.xml; path = Info.plist; sourceTree = "<group>"; };
		711026781E07BF55007A16DB /* Account.h */ = {isa = PBXFileReference; fileEncoding = 4; lastKnownFileType = sourcecode.c.h; path = Account.h; sourceTree = "<group>"; };
		711026791E07BF55007A16DB /* Account.m */ = {isa = PBXFileReference; fileEncoding = 4; lastKnownFileType = sourcecode.c.objc; path = Account.m; sourceTree = "<group>"; };
/* End PBXFileReference section */

/* Begin PBXFrameworksBuildPhase section */
		711026391E07A708007A16DB /* Frameworks */ = {
			isa = PBXFrameworksBuildPhase;
			buildActionMask = 2147483647;
			files = (
			);
			runOnlyForDeploymentPostprocessing = 0;
		};
		711026521E07A708007A16DB /* Frameworks */ = {
			isa = PBXFrameworksBuildPhase;
			buildActionMask = 2147483647;
			files = (
			);
			runOnlyForDeploymentPostprocessing = 0;
		};
		7110265D1E07A708007A16DB /* Frameworks */ = {
			isa = PBXFrameworksBuildPhase;
			buildActionMask = 2147483647;
			files = (
			);
			runOnlyForDeploymentPostprocessing = 0;
		};
/* End PBXFrameworksBuildPhase section */

/* Begin PBXGroup section */
		711026331E07A708007A16DB = {
			isa = PBXGroup;
			children = (
				7110263E1E07A708007A16DB /* ex1-1-4 */,
				711026581E07A708007A16DB /* ex1-1-4Tests */,
				711026631E07A708007A16DB /* ex1-1-4UITests */,
				7110263D1E07A708007A16DB /* Products */,
			);
			sourceTree = "<group>";
		};
		7110263D1E07A708007A16DB /* Products */ = {
			isa = PBXGroup;
			children = (
				7110263C1E07A708007A16DB /* ex1-1-4.app */,
				711026551E07A708007A16DB /* ex1-1-4Tests.xctest */,
				711026601E07A708007A16DB /* ex1-1-4UITests.xctest */,
			);
			name = Products;
			sourceTree = "<group>";
		};
		7110263E1E07A708007A16DB /* ex1-1-4 */ = {
			isa = PBXGroup;
			children = (
				711026421E07A708007A16DB /* AppDelegate.h */,
				711026431E07A708007A16DB /* AppDelegate.m */,
				711026451E07A708007A16DB /* ViewController.h */,
				711026461E07A708007A16DB /* ViewController.m */,
				711026781E07BF55007A16DB /* Account.h */,
				711026791E07BF55007A16DB /* Account.m */,
				711026481E07A708007A16DB /* Main.storyboard */,
				7110264B1E07A708007A16DB /* Assets.xcassets */,
				7110264D1E07A708007A16DB /* LaunchScreen.storyboard */,
				711026501E07A708007A16DB /* Info.plist */,
				7110263F1E07A708007A16DB /* Supporting Files */,
			);
			path = "ex1-1-4";
			sourceTree = "<group>";
		};
		7110263F1E07A708007A16DB /* Supporting Files */ = {
			isa = PBXGroup;
			children = (
				711026401E07A708007A16DB /* main.m */,
			);
			name = "Supporting Files";
			sourceTree = "<group>";
		};
		711026581E07A708007A16DB /* ex1-1-4Tests */ = {
			isa = PBXGroup;
			children = (
				711026591E07A708007A16DB /* ex1_1_4Tests.m */,
				7110265B1E07A708007A16DB /* Info.plist */,
			);
			path = "ex1-1-4Tests";
			sourceTree = "<group>";
		};
		711026631E07A708007A16DB /* ex1-1-4UITests */ = {
			isa = PBXGroup;
			children = (
				711026641E07A708007A16DB /* ex1_1_4UITests.m */,
				711026661E07A708007A16DB /* Info.plist */,
			);
			path = "ex1-1-4UITests";
			sourceTree = "<group>";
		};
/* End PBXGroup section */

/* Begin PBXNativeTarget section */
		7110263B1E07A708007A16DB /* ex1-1-4 */ = {
			isa = PBXNativeTarget;
			buildConfigurationList = 711026691E07A708007A16DB /* Build configuration list for PBXNativeTarget "ex1-1-4" */;
			buildPhases = (
				711026381E07A708007A16DB /* Sources */,
				711026391E07A708007A16DB /* Frameworks */,
				7110263A1E07A708007A16DB /* Resources */,
			);
			buildRules = (
			);
			dependencies = (
			);
			name = "ex1-1-4";
			productName = "ex1-1-4";
			productReference = 7110263C1E07A708007A16DB /* ex1-1-4.app */;
			productType = "com.apple.product-type.application";
		};
		711026541E07A708007A16DB /* ex1-1-4Tests */ = {
			isa = PBXNativeTarget;
			buildConfigurationList = 7110266C1E07A708007A16DB /* Build configuration list for PBXNativeTarget "ex1-1-4Tests" */;
			buildPhases = (
				711026511E07A708007A16DB /* Sources */,
				711026521E07A708007A16DB /* Frameworks */,
				711026531E07A708007A16DB /* Resources */,
			);
			buildRules = (
			);
			dependencies = (
				711026571E07A708007A16DB /* PBXTargetDependency */,
			);
			name = "ex1-1-4Tests";
			productName = "ex1-1-4Tests";
			productReference = 711026551E07A708007A16DB /* ex1-1-4Tests.xctest */;
			productType = "com.apple.product-type.bundle.unit-test";
		};
		7110265F1E07A708007A16DB /* ex1-1-4UITests */ = {
			isa = PBXNativeTarget;
			buildConfigurationList = 7110266F1E07A708007A16DB /* Build configuration list for PBXNativeTarget "ex1-1-4UITests" */;
			buildPhases = (
				7110265C1E07A708007A16DB /* Sources */,
				7110265D1E07A708007A16DB /* Frameworks */,
				7110265E1E07A708007A16DB /* Resources */,
			);
			buildRules = (
			);
			dependencies = (
				711026621E07A708007A16DB /* PBXTargetDependency */,
			);
			name = "ex1-1-4UITests";
			productName = "ex1-1-4UITests";
			productReference = 711026601E07A708007A16DB /* ex1-1-4UITests.xctest */;
			productType = "com.apple.product-type.bundle.ui-testing";
		};
/* End PBXNativeTarget section */

/* Begin PBXProject section */
		711026341E07A708007A16DB /* Project object */ = {
			isa = PBXProject;
			attributes = {
				LastUpgradeCheck = 0730;
				ORGANIZATIONNAME = "ITユーザー";
				TargetAttributes = {
					7110263B1E07A708007A16DB = {
						CreatedOnToolsVersion = 7.3;
					};
					711026541E07A708007A16DB = {
						CreatedOnToolsVersion = 7.3;
						TestTargetID = 7110263B1E07A708007A16DB;
					};
					7110265F1E07A708007A16DB = {
						CreatedOnToolsVersion = 7.3;
						TestTargetID = 7110263B1E07A708007A16DB;
					};
				};
			};
			buildConfigurationList = 711026371E07A708007A16DB /* Build configuration list for PBXProject "ex1-1-4" */;
			compatibilityVersion = "Xcode 3.2";
			developmentRegion = English;
			hasScannedForEncodings = 0;
			knownRegions = (
				en,
				Base,
			);
			mainGroup = 711026331E07A708007A16DB;
			productRefGroup = 7110263D1E07A708007A16DB /* Products */;
			projectDirPath = "";
			projectRoot = "";
			targets = (
				7110263B1E07A708007A16DB /* ex1-1-4 */,
				711026541E07A708007A16DB /* ex1-1-4Tests */,
				7110265F1E07A708007A16DB /* ex1-1-4UITests */,
			);
		};
/* End PBXProject section */

/* Begin PBXResourcesBuildPhase section */
		7110263A1E07A708007A16DB /* Resources */ = {
			isa = PBXResourcesBuildPhase;
			buildActionMask = 2147483647;
			files = (
				7110264F1E07A708007A16DB /* LaunchScreen.storyboard in Resources */,
				7110264C1E07A708007A16DB /* Assets.xcassets in Resources */,
				7110264A1E07A708007A16DB /* Main.storyboard in Resources */,
			);
			runOnlyForDeploymentPostprocessing = 0;
		};
		711026531E07A708007A16DB /* Resources */ = {
			isa = PBXResourcesBuildPhase;
			buildActionMask = 2147483647;
			files = (
			);
			runOnlyForDeploymentPostprocessing = 0;
		};
		7110265E1E07A708007A16DB /* Resources */ = {
			isa = PBXResourcesBuildPhase;
			buildActionMask = 2147483647;
			files = (
			);
			runOnlyForDeploymentPostprocessing = 0;
		};
/* End PBXResourcesBuildPhase section */

/* Begin PBXSourcesBuildPhase section */
		711026381E07A708007A16DB /* Sources */ = {
			isa = PBXSourcesBuildPhase;
			buildActionMask = 2147483647;
			files = (
				711026471E07A708007A16DB /* ViewController.m in Sources */,
				711026441E07A708007A16DB /* AppDelegate.m in Sources */,
				7110267A1E07BF55007A16DB /* Account.m in Sources */,
				711026411E07A708007A16DB /* main.m in Sources */,
			);
			runOnlyForDeploymentPostprocessing = 0;
		};
		711026511E07A708007A16DB /* Sources */ = {
			isa = PBXSourcesBuildPhase;
			buildActionMask = 2147483647;
			files = (
				7110265A1E07A708007A16DB /* ex1_1_4Tests.m in Sources */,
			);
			runOnlyForDeploymentPostprocessing = 0;
		};
		7110265C1E07A708007A16DB /* Sources */ = {
			isa = PBXSourcesBuildPhase;
			buildActionMask = 2147483647;
			files = (
				711026651E07A708007A16DB /* ex1_1_4UITests.m in Sources */,
			);
			runOnlyForDeploymentPostprocessing = 0;
		};
/* End PBXSourcesBuildPhase section */

/* Begin PBXTargetDependency section */
		711026571E07A708007A16DB /* PBXTargetDependency */ = {
			isa = PBXTargetDependency;
			target = 7110263B1E07A708007A16DB /* ex1-1-4 */;
			targetProxy = 711026561E07A708007A16DB /* PBXContainerItemProxy */;
		};
		711026621E07A708007A16DB /* PBXTargetDependency */ = {
			isa = PBXTargetDependency;
			target = 7110263B1E07A708007A16DB /* ex1-1-4 */;
			targetProxy = 711026611E07A708007A16DB /* PBXContainerItemProxy */;
		};
/* End PBXTargetDependency section */

/* Begin PBXVariantGroup section */
		711026481E07A708007A16DB /* Main.storyboard */ = {
			isa = PBXVariantGroup;
			children = (
				711026491E07A708007A16DB /* Base */,
			);
			name = Main.storyboard;
			sourceTree = "<group>";
		};
		7110264D1E07A708007A16DB /* LaunchScreen.storyboard */ = {
			isa = PBXVariantGroup;
			children = (
				7110264E1E07A708007A16DB /* Base */,
			);
			name = LaunchScreen.storyboard;
			sourceTree = "<group>";
		};
/* End PBXVariantGroup section */

/* Begin XCBuildConfiguration section */
		711026671E07A708007A16DB /* Debug */ = {
			isa = XCBuildConfiguration;
			buildSettings = {
				ALWAYS_SEARCH_USER_PATHS = NO;
				CLANG_ANALYZER_NONNULL = YES;
				CLANG_CXX_LANGUAGE_STANDARD = "gnu++0x";
				CLANG_CXX_LIBRARY = "libc++";
				CLANG_ENABLE_MODULES = YES;
				CLANG_ENABLE_OBJC_ARC = YES;
				CLANG_WARN_BOOL_CONVERSION = YES;
				CLANG_WARN_CONSTANT_CONVERSION = YES;
				CLANG_WARN_DIRECT_OBJC_ISA_USAGE = YES_ERROR;
				CLANG_WARN_EMPTY_BODY = YES;
				CLANG_WARN_ENUM_CONVERSION = YES;
				CLANG_WARN_INT_CONVERSION = YES;
				CLANG_WARN_OBJC_ROOT_CLASS = YES_ERROR;
				CLANG_WARN_UNREACHABLE_CODE = YES;
				CLANG_WARN__DUPLICATE_METHOD_MATCH = YES;
				"CODE_SIGN_IDENTITY[sdk=iphoneos*]" = "iPhone Developer";
				COPY_PHASE_STRIP = NO;
				DEBUG_INFORMATION_FORMAT = dwarf;
				ENABLE_STRICT_OBJC_MSGSEND = YES;
				ENABLE_TESTABILITY = YES;
				GCC_C_LANGUAGE_STANDARD = gnu99;
				GCC_DYNAMIC_NO_PIC = NO;
				GCC_NO_COMMON_BLOCKS = YES;
				GCC_OPTIMIZATION_LEVEL = 0;
				GCC_PREPROCESSOR_DEFINITIONS = (
					"DEBUG=1",
					"$(inherited)",
				);
				GCC_WARN_64_TO_32_BIT_CONVERSION = YES;
				GCC_WARN_ABOUT_RETURN_TYPE = YES_ERROR;
				GCC_WARN_UNDECLARED_SELECTOR = YES;
				GCC_WARN_UNINITIALIZED_AUTOS = YES_AGGRESSIVE;
				GCC_WARN_UNUSED_FUNCTION = YES;
				GCC_WARN_UNUSED_VARIABLE = YES;
				IPHONEOS_DEPLOYMENT_TARGET = 9.3;
				MTL_ENABLE_DEBUG_INFO = YES;
				ONLY_ACTIVE_ARCH = YES;
				SDKROOT = iphoneos;
				TARGETED_DEVICE_FAMILY = "1,2";
			};
			name = Debug;
		};
		711026681E07A708007A16DB /* Release */ = {
			isa = XCBuildConfiguration;
			buildSettings = {
				ALWAYS_SEARCH_USER_PATHS = NO;
				CLANG_ANALYZER_NONNULL = YES;
				CLANG_CXX_LANGUAGE_STANDARD = "gnu++0x";
				CLANG_CXX_LIBRARY = "libc++";
				CLANG_ENABLE_MODULES = YES;
				CLANG_ENABLE_OBJC_ARC = YES;
				CLANG_WARN_BOOL_CONVERSION = YES;
				CLANG_WARN_CONSTANT_CONVERSION = YES;
				CLANG_WARN_DIRECT_OBJC_ISA_USAGE = YES_ERROR;
				CLANG_WARN_EMPTY_BODY = YES;
				CLANG_WARN_ENUM_CONVERSION = YES;
				CLANG_WARN_INT_CONVERSION = YES;
				CLANG_WARN_OBJC_ROOT_CLASS = YES_ERROR;
				CLANG_WARN_UNREACHABLE_CODE = YES;
				CLANG_WARN__DUPLICATE_METHOD_MATCH = YES;
				"CODE_SIGN_IDENTITY[sdk=iphoneos*]" = "iPhone Developer";
				COPY_PHASE_STRIP = NO;
				DEBUG_INFORMATION_FORMAT = "dwarf-with-dsym";
				ENABLE_NS_ASSERTIONS = NO;
				ENABLE_STRICT_OBJC_MSGSEND = YES;
				GCC_C_LANGUAGE_STANDARD = gnu99;
				GCC_NO_COMMON_BLOCKS = YES;
				GCC_WARN_64_TO_32_BIT_CONVERSION = YES;
				GCC_WARN_ABOUT_RETURN_TYPE = YES_ERROR;
				GCC_WARN_UNDECLARED_SELECTOR = YES;
				GCC_WARN_UNINITIALIZED_AUTOS = YES_AGGRESSIVE;
				GCC_WARN_UNUSED_FUNCTION = YES;
				GCC_WARN_UNUSED_VARIABLE = YES;
				IPHONEOS_DEPLOYMENT_TARGET = 9.3;
				MTL_ENABLE_DEBUG_INFO = NO;
				SDKROOT = iphoneos;
				TARGETED_DEVICE_FAMILY = "1,2";
				VALIDATE_PRODUCT = YES;
			};
			name = Release;
		};
		7110266A1E07A708007A16DB /* Debug */ = {
			isa = XCBuildConfiguration;
			buildSettings = {
				ASSETCATALOG_COMPILER_APPICON_NAME = AppIcon;
				INFOPLIST_FILE = "ex1-1-4/Info.plist";
				LD_RUNPATH_SEARCH_PATHS = "$(inherited) @executable_path/Frameworks";
				PRODUCT_BUNDLE_IDENTIFIER = "jp.ac.neec.ex1-1-4";
				PRODUCT_NAME = "$(TARGET_NAME)";
			};
			name = Debug;
		};
		7110266B1E07A708007A16DB /* Release */ = {
			isa = XCBuildConfiguration;
			buildSettings = {
				ASSETCATALOG_COMPILER_APPICON_NAME = AppIcon;
				INFOPLIST_FILE = "ex1-1-4/Info.plist";
				LD_RUNPATH_SEARCH_PATHS = "$(inherited) @executable_path/Frameworks";
				PRODUCT_BUNDLE_IDENTIFIER = "jp.ac.neec.ex1-1-4";
				PRODUCT_NAME = "$(TARGET_NAME)";
			};
			name = Release;
		};
		7110266D1E07A708007A16DB /* Debug */ = {
			isa = XCBuildConfiguration;
			buildSettings = {
				BUNDLE_LOADER = "$(TEST_HOST)";
				INFOPLIST_FILE = "ex1-1-4Tests/Info.plist";
				LD_RUNPATH_SEARCH_PATHS = "$(inherited) @executable_path/Frameworks @loader_path/Frameworks";
				PRODUCT_BUNDLE_IDENTIFIER = "jp.ac.neec.ex1-1-4Tests";
				PRODUCT_NAME = "$(TARGET_NAME)";
				TEST_HOST = "$(BUILT_PRODUCTS_DIR)/ex1-1-4.app/ex1-1-4";
			};
			name = Debug;
		};
		7110266E1E07A708007A16DB /* Release */ = {
			isa = XCBuildConfiguration;
			buildSettings = {
				BUNDLE_LOADER = "$(TEST_HOST)";
				INFOPLIST_FILE = "ex1-1-4Tests/Info.plist";
				LD_RUNPATH_SEARCH_PATHS = "$(inherited) @executable_path/Frameworks @loader_path/Frameworks";
				PRODUCT_BUNDLE_IDENTIFIER = "jp.ac.neec.ex1-1-4Tests";
				PRODUCT_NAME = "$(TARGET_NAME)";
				TEST_HOST = "$(BUILT_PRODUCTS_DIR)/ex1-1-4.app/ex1-1-4";
			};
			name = Release;
		};
		711026701E07A708007A16DB /* Debug */ = {
			isa = XCBuildConfiguration;
			buildSettings = {
				INFOPLIST_FILE = "ex1-1-4UITests/Info.plist";
				LD_RUNPATH_SEARCH_PATHS = "$(inherited) @executable_path/Frameworks @loader_path/Frameworks";
				PRODUCT_BUNDLE_IDENTIFIER = "jp.ac.neec.ex1-1-4UITests";
				PRODUCT_NAME = "$(TARGET_NAME)";
				TEST_TARGET_NAME = "ex1-1-4";
			};
			name = Debug;
		};
		711026711E07A708007A16DB /* Release */ = {
			isa = XCBuildConfiguration;
			buildSettings = {
				INFOPLIST_FILE = "ex1-1-4UITests/Info.plist";
				LD_RUNPATH_SEARCH_PATHS = "$(inherited) @executable_path/Frameworks @loader_path/Frameworks";
				PRODUCT_BUNDLE_IDENTIFIER = "jp.ac.neec.ex1-1-4UITests";
				PRODUCT_NAME = "$(TARGET_NAME)";
				TEST_TARGET_NAME = "ex1-1-4";
			};
			name = Release;
		};
/* End XCBuildConfiguration section */

/* Begin XCConfigurationList section */
		711026371E07A708007A16DB /* Build configuration list for PBXProject "ex1-1-4" */ = {
			isa = XCConfigurationList;
			buildConfigurations = (
				711026671E07A708007A16DB /* Debug */,
				711026681E07A708007A16DB /* Release */,
			);
			defaultConfigurationIsVisible = 0;
			defaultConfigurationName = Release;
		};
		711026691E07A708007A16DB /* Build configuration list for PBXNativeTarget "ex1-1-4" */ = {
			isa = XCConfigurationList;
			buildConfigurations = (
				7110266A1E07A708007A16DB /* Debug */,
				7110266B1E07A708007A16DB /* Release */,
			);
			defaultConfigurationIsVisible = 0;
		};
		7110266C1E07A708007A16DB /* Build configuration list for PBXNativeTarget "ex1-1-4Tests" */ = {
			isa = XCConfigurationList;
			buildConfigurations = (
				7110266D1E07A708007A16DB /* Debug */,
				7110266E1E07A708007A16DB /* Release */,
			);
			defaultConfigurationIsVisible = 0;
		};
		7110266F1E07A708007A16DB /* Build configuration list for PBXNativeTarget "ex1-1-4UITests" */ = {
			isa = XCConfigurationList;
			buildConfigurations = (
				711026701E07A708007A16DB /* Debug */,
				711026711E07A708007A16DB /* Release */,
			);
			defaultConfigurationIsVisible = 0;
		};
/* End XCConfigurationList section */
	};
	rootObject = 711026341E07A708007A16DB /* Project object */;
}
