// !$*UTF8*$!
{
	archiveVersion = 1;
	classes = {
	};
	objectVersion = 46;
	objects = {

/* Begin PBXBuildFile section */
		710256991E01193B000B80AD /* main.m in Sources */ = {isa = PBXBuildFile; fileRef = 710256981E01193B000B80AD /* main.m */; };
		7102569C1E01193B000B80AD /* AppDelegate.m in Sources */ = {isa = PBXBuildFile; fileRef = 7102569B1E01193B000B80AD /* AppDelegate.m */; };
		7102569F1E01193B000B80AD /* ViewController.m in Sources */ = {isa = PBXBuildFile; fileRef = 7102569E1E01193B000B80AD /* ViewController.m */; };
		710256A21E01193B000B80AD /* Main.storyboard in Resources */ = {isa = PBXBuildFile; fileRef = 710256A01E01193B000B80AD /* Main.storyboard */; };
		710256A41E01193B000B80AD /* Assets.xcassets in Resources */ = {isa = PBXBuildFile; fileRef = 710256A31E01193B000B80AD /* Assets.xcassets */; };
		710256A71E01193B000B80AD /* LaunchScreen.storyboard in Resources */ = {isa = PBXBuildFile; fileRef = 710256A51E01193B000B80AD /* LaunchScreen.storyboard */; };
		710256B21E01193C000B80AD /* ex1_1_2Tests.m in Sources */ = {isa = PBXBuildFile; fileRef = 710256B11E01193C000B80AD /* ex1_1_2Tests.m */; };
		710256BD1E01193C000B80AD /* ex1_1_2UITests.m in Sources */ = {isa = PBXBuildFile; fileRef = 710256BC1E01193C000B80AD /* ex1_1_2UITests.m */; };
/* End PBXBuildFile section */

/* Begin PBXContainerItemProxy section */
		710256AE1E01193C000B80AD /* PBXContainerItemProxy */ = {
			isa = PBXContainerItemProxy;
			containerPortal = 7102568C1E01193B000B80AD /* Project object */;
			proxyType = 1;
			remoteGlobalIDString = 710256931E01193B000B80AD;
			remoteInfo = "ex1-1-2";
		};
		710256B91E01193C000B80AD /* PBXContainerItemProxy */ = {
			isa = PBXContainerItemProxy;
			containerPortal = 7102568C1E01193B000B80AD /* Project object */;
			proxyType = 1;
			remoteGlobalIDString = 710256931E01193B000B80AD;
			remoteInfo = "ex1-1-2";
		};
/* End PBXContainerItemProxy section */

/* Begin PBXFileReference section */
		710256941E01193B000B80AD /* ex1-1-2.app */ = {isa = PBXFileReference; explicitFileType = wrapper.application; includeInIndex = 0; path = "ex1-1-2.app"; sourceTree = BUILT_PRODUCTS_DIR; };
		710256981E01193B000B80AD /* main.m */ = {isa = PBXFileReference; lastKnownFileType = sourcecode.c.objc; path = main.m; sourceTree = "<group>"; };
		7102569A1E01193B000B80AD /* AppDelegate.h */ = {isa = PBXFileReference; lastKnownFileType = sourcecode.c.h; path = AppDelegate.h; sourceTree = "<group>"; };
		7102569B1E01193B000B80AD /* AppDelegate.m */ = {isa = PBXFileReference; lastKnownFileType = sourcecode.c.objc; path = AppDelegate.m; sourceTree = "<group>"; };
		7102569D1E01193B000B80AD /* ViewController.h */ = {isa = PBXFileReference; lastKnownFileType = sourcecode.c.h; path = ViewController.h; sourceTree = "<group>"; };
		7102569E1E01193B000B80AD /* ViewController.m */ = {isa = PBXFileReference; lastKnownFileType = sourcecode.c.objc; path = ViewController.m; sourceTree = "<group>"; };
		710256A11E01193B000B80AD /* Base */ = {isa = PBXFileReference; lastKnownFileType = file.storyboard; name = Base; path = Base.lproj/Main.storyboard; sourceTree = "<group>"; };
		710256A31E01193B000B80AD /* Assets.xcassets */ = {isa = PBXFileReference; lastKnownFileType = folder.assetcatalog; path = Assets.xcassets; sourceTree = "<group>"; };
		710256A61E01193B000B80AD /* Base */ = {isa = PBXFileReference; lastKnownFileType = file.storyboard; name = Base; path = Base.lproj/LaunchScreen.storyboard; sourceTree = "<group>"; };
		710256A81E01193B000B80AD /* Info.plist */ = {isa = PBXFileReference; lastKnownFileType = text.plist.xml; path = Info.plist; sourceTree = "<group>"; };
		710256AD1E01193C000B80AD /* ex1-1-2Tests.xctest */ = {isa = PBXFileReference; explicitFileType = wrapper.cfbundle; includeInIndex = 0; path = "ex1-1-2Tests.xctest"; sourceTree = BUILT_PRODUCTS_DIR; };
		710256B11E01193C000B80AD /* ex1_1_2Tests.m */ = {isa = PBXFileReference; lastKnownFileType = sourcecode.c.objc; path = ex1_1_2Tests.m; sourceTree = "<group>"; };
		710256B31E01193C000B80AD /* Info.plist */ = {isa = PBXFileReference; lastKnownFileType = text.plist.xml; path = Info.plist; sourceTree = "<group>"; };
		710256B81E01193C000B80AD /* ex1-1-2UITests.xctest */ = {isa = PBXFileReference; explicitFileType = wrapper.cfbundle; includeInIndex = 0; path = "ex1-1-2UITests.xctest"; sourceTree = BUILT_PRODUCTS_DIR; };
		710256BC1E01193C000B80AD /* ex1_1_2UITests.m */ = {isa = PBXFileReference; lastKnownFileType = sourcecode.c.objc; path = ex1_1_2UITests.m; sourceTree = "<group>"; };
		710256BE1E01193C000B80AD /* Info.plist */ = {isa = PBXFileReference; lastKnownFileType = text.plist.xml; path = Info.plist; sourceTree = "<group>"; };
/* End PBXFileReference section */

/* Begin PBXFrameworksBuildPhase section */
		710256911E01193B000B80AD /* Frameworks */ = {
			isa = PBXFrameworksBuildPhase;
			buildActionMask = 2147483647;
			files = (
			);
			runOnlyForDeploymentPostprocessing = 0;
		};
		710256AA1E01193C000B80AD /* Frameworks */ = {
			isa = PBXFrameworksBuildPhase;
			buildActionMask = 2147483647;
			files = (
			);
			runOnlyForDeploymentPostprocessing = 0;
		};
		710256B51E01193C000B80AD /* Frameworks */ = {
			isa = PBXFrameworksBuildPhase;
			buildActionMask = 2147483647;
			files = (
			);
			runOnlyForDeploymentPostprocessing = 0;
		};
/* End PBXFrameworksBuildPhase section */

/* Begin PBXGroup section */
		7102568B1E01193B000B80AD = {
			isa = PBXGroup;
			children = (
				710256961E01193B000B80AD /* ex1-1-2 */,
				710256B01E01193C000B80AD /* ex1-1-2Tests */,
				710256BB1E01193C000B80AD /* ex1-1-2UITests */,
				710256951E01193B000B80AD /* Products */,
			);
			sourceTree = "<group>";
		};
		710256951E01193B000B80AD /* Products */ = {
			isa = PBXGroup;
			children = (
				710256941E01193B000B80AD /* ex1-1-2.app */,
				710256AD1E01193C000B80AD /* ex1-1-2Tests.xctest */,
				710256B81E01193C000B80AD /* ex1-1-2UITests.xctest */,
			);
			name = Products;
			sourceTree = "<group>";
		};
		710256961E01193B000B80AD /* ex1-1-2 */ = {
			isa = PBXGroup;
			children = (
				7102569A1E01193B000B80AD /* AppDelegate.h */,
				7102569B1E01193B000B80AD /* AppDelegate.m */,
				7102569D1E01193B000B80AD /* ViewController.h */,
				7102569E1E01193B000B80AD /* ViewController.m */,
				710256A01E01193B000B80AD /* Main.storyboard */,
				710256A31E01193B000B80AD /* Assets.xcassets */,
				710256A51E01193B000B80AD /* LaunchScreen.storyboard */,
				710256A81E01193B000B80AD /* Info.plist */,
				710256971E01193B000B80AD /* Supporting Files */,
			);
			path = "ex1-1-2";
			sourceTree = "<group>";
		};
		710256971E01193B000B80AD /* Supporting Files */ = {
			isa = PBXGroup;
			children = (
				710256981E01193B000B80AD /* main.m */,
			);
			name = "Supporting Files";
			sourceTree = "<group>";
		};
		710256B01E01193C000B80AD /* ex1-1-2Tests */ = {
			isa = PBXGroup;
			children = (
				710256B11E01193C000B80AD /* ex1_1_2Tests.m */,
				710256B31E01193C000B80AD /* Info.plist */,
			);
			path = "ex1-1-2Tests";
			sourceTree = "<group>";
		};
		710256BB1E01193C000B80AD /* ex1-1-2UITests */ = {
			isa = PBXGroup;
			children = (
				710256BC1E01193C000B80AD /* ex1_1_2UITests.m */,
				710256BE1E01193C000B80AD /* Info.plist */,
			);
			path = "ex1-1-2UITests";
			sourceTree = "<group>";
		};
/* End PBXGroup section */

/* Begin PBXNativeTarget section */
		710256931E01193B000B80AD /* ex1-1-2 */ = {
			isa = PBXNativeTarget;
			buildConfigurationList = 710256C11E01193C000B80AD /* Build configuration list for PBXNativeTarget "ex1-1-2" */;
			buildPhases = (
				710256901E01193B000B80AD /* Sources */,
				710256911E01193B000B80AD /* Frameworks */,
				710256921E01193B000B80AD /* Resources */,
			);
			buildRules = (
			);
			dependencies = (
			);
			name = "ex1-1-2";
			productName = "ex1-1-2";
			productReference = 710256941E01193B000B80AD /* ex1-1-2.app */;
			productType = "com.apple.product-type.application";
		};
		710256AC1E01193C000B80AD /* ex1-1-2Tests */ = {
			isa = PBXNativeTarget;
			buildConfigurationList = 710256C41E01193C000B80AD /* Build configuration list for PBXNativeTarget "ex1-1-2Tests" */;
			buildPhases = (
				710256A91E01193C000B80AD /* Sources */,
				710256AA1E01193C000B80AD /* Frameworks */,
				710256AB1E01193C000B80AD /* Resources */,
			);
			buildRules = (
			);
			dependencies = (
				710256AF1E01193C000B80AD /* PBXTargetDependency */,
			);
			name = "ex1-1-2Tests";
			productName = "ex1-1-2Tests";
			productReference = 710256AD1E01193C000B80AD /* ex1-1-2Tests.xctest */;
			productType = "com.apple.product-type.bundle.unit-test";
		};
		710256B71E01193C000B80AD /* ex1-1-2UITests */ = {
			isa = PBXNativeTarget;
			buildConfigurationList = 710256C71E01193C000B80AD /* Build configuration list for PBXNativeTarget "ex1-1-2UITests" */;
			buildPhases = (
				710256B41E01193C000B80AD /* Sources */,
				710256B51E01193C000B80AD /* Frameworks */,
				710256B61E01193C000B80AD /* Resources */,
			);
			buildRules = (
			);
			dependencies = (
				710256BA1E01193C000B80AD /* PBXTargetDependency */,
			);
			name = "ex1-1-2UITests";
			productName = "ex1-1-2UITests";
			productReference = 710256B81E01193C000B80AD /* ex1-1-2UITests.xctest */;
			productType = "com.apple.product-type.bundle.ui-testing";
		};
/* End PBXNativeTarget section */

/* Begin PBXProject section */
		7102568C1E01193B000B80AD /* Project object */ = {
			isa = PBXProject;
			attributes = {
				LastUpgradeCheck = 0730;
				ORGANIZATIONNAME = "ITユーザー";
				TargetAttributes = {
					710256931E01193B000B80AD = {
						CreatedOnToolsVersion = 7.3;
					};
					710256AC1E01193C000B80AD = {
						CreatedOnToolsVersion = 7.3;
						TestTargetID = 710256931E01193B000B80AD;
					};
					710256B71E01193C000B80AD = {
						CreatedOnToolsVersion = 7.3;
						TestTargetID = 710256931E01193B000B80AD;
					};
				};
			};
			buildConfigurationList = 7102568F1E01193B000B80AD /* Build configuration list for PBXProject "ex1-1-2" */;
			compatibilityVersion = "Xcode 3.2";
			developmentRegion = English;
			hasScannedForEncodings = 0;
			knownRegions = (
				en,
				Base,
			);
			mainGroup = 7102568B1E01193B000B80AD;
			productRefGroup = 710256951E01193B000B80AD /* Products */;
			projectDirPath = "";
			projectRoot = "";
			targets = (
				710256931E01193B000B80AD /* ex1-1-2 */,
				710256AC1E01193C000B80AD /* ex1-1-2Tests */,
				710256B71E01193C000B80AD /* ex1-1-2UITests */,
			);
		};
/* End PBXProject section */

/* Begin PBXResourcesBuildPhase section */
		710256921E01193B000B80AD /* Resources */ = {
			isa = PBXResourcesBuildPhase;
			buildActionMask = 2147483647;
			files = (
				710256A71E01193B000B80AD /* LaunchScreen.storyboard in Resources */,
				710256A41E01193B000B80AD /* Assets.xcassets in Resources */,
				710256A21E01193B000B80AD /* Main.storyboard in Resources */,
			);
			runOnlyForDeploymentPostprocessing = 0;
		};
		710256AB1E01193C000B80AD /* Resources */ = {
			isa = PBXResourcesBuildPhase;
			buildActionMask = 2147483647;
			files = (
			);
			runOnlyForDeploymentPostprocessing = 0;
		};
		710256B61E01193C000B80AD /* Resources */ = {
			isa = PBXResourcesBuildPhase;
			buildActionMask = 2147483647;
			files = (
			);
			runOnlyForDeploymentPostprocessing = 0;
		};
/* End PBXResourcesBuildPhase section */

/* Begin PBXSourcesBuildPhase section */
		710256901E01193B000B80AD /* Sources */ = {
			isa = PBXSourcesBuildPhase;
			buildActionMask = 2147483647;
			files = (
				7102569F1E01193B000B80AD /* ViewController.m in Sources */,
				7102569C1E01193B000B80AD /* AppDelegate.m in Sources */,
				710256991E01193B000B80AD /* main.m in Sources */,
			);
			runOnlyForDeploymentPostprocessing = 0;
		};
		710256A91E01193C000B80AD /* Sources */ = {
			isa = PBXSourcesBuildPhase;
			buildActionMask = 2147483647;
			files = (
				710256B21E01193C000B80AD /* ex1_1_2Tests.m in Sources */,
			);
			runOnlyForDeploymentPostprocessing = 0;
		};
		710256B41E01193C000B80AD /* Sources */ = {
			isa = PBXSourcesBuildPhase;
			buildActionMask = 2147483647;
			files = (
				710256BD1E01193C000B80AD /* ex1_1_2UITests.m in Sources */,
			);
			runOnlyForDeploymentPostprocessing = 0;
		};
/* End PBXSourcesBuildPhase section */

/* Begin PBXTargetDependency section */
		710256AF1E01193C000B80AD /* PBXTargetDependency */ = {
			isa = PBXTargetDependency;
			target = 710256931E01193B000B80AD /* ex1-1-2 */;
			targetProxy = 710256AE1E01193C000B80AD /* PBXContainerItemProxy */;
		};
		710256BA1E01193C000B80AD /* PBXTargetDependency */ = {
			isa = PBXTargetDependency;
			target = 710256931E01193B000B80AD /* ex1-1-2 */;
			targetProxy = 710256B91E01193C000B80AD /* PBXContainerItemProxy */;
		};
/* End PBXTargetDependency section */

/* Begin PBXVariantGroup section */
		710256A01E01193B000B80AD /* Main.storyboard */ = {
			isa = PBXVariantGroup;
			children = (
				710256A11E01193B000B80AD /* Base */,
			);
			name = Main.storyboard;
			sourceTree = "<group>";
		};
		710256A51E01193B000B80AD /* LaunchScreen.storyboard */ = {
			isa = PBXVariantGroup;
			children = (
				710256A61E01193B000B80AD /* Base */,
			);
			name = LaunchScreen.storyboard;
			sourceTree = "<group>";
		};
/* End PBXVariantGroup section */

/* Begin XCBuildConfiguration section */
		710256BF1E01193C000B80AD /* Debug */ = {
			isa = XCBuildConfiguration;
			buildSettings = {
				ALWAYS_SEARCH_USER_PATHS = NO;
				CLANG_ANALYZER_NONNULL = YES;
				CLANG_CXX_LANGUAGE_STANDARD = "gnu++0x";
				CLANG_CXX_LIBRARY = "libc++";
				CLANG_ENABLE_MODULES = YES;
				CLANG_ENABLE_OBJC_ARC = YES;
				CLANG_WARN_BOOL_CONVERSION = YES;
				CLANG_WARN_CONSTANT_CONVERSION = YES;
				CLANG_WARN_DIRECT_OBJC_ISA_USAGE = YES_ERROR;
				CLANG_WARN_EMPTY_BODY = YES;
				CLANG_WARN_ENUM_CONVERSION = YES;
				CLANG_WARN_INT_CONVERSION = YES;
				CLANG_WARN_OBJC_ROOT_CLASS = YES_ERROR;
				CLANG_WARN_UNREACHABLE_CODE = YES;
				CLANG_WARN__DUPLICATE_METHOD_MATCH = YES;
				"CODE_SIGN_IDENTITY[sdk=iphoneos*]" = "iPhone Developer";
				COPY_PHASE_STRIP = NO;
				DEBUG_INFORMATION_FORMAT = dwarf;
				ENABLE_STRICT_OBJC_MSGSEND = YES;
				ENABLE_TESTABILITY = YES;
				GCC_C_LANGUAGE_STANDARD = gnu99;
				GCC_DYNAMIC_NO_PIC = NO;
				GCC_NO_COMMON_BLOCKS = YES;
				GCC_OPTIMIZATION_LEVEL = 0;
				GCC_PREPROCESSOR_DEFINITIONS = (
					"DEBUG=1",
					"$(inherited)",
				);
				GCC_WARN_64_TO_32_BIT_CONVERSION = YES;
				GCC_WARN_ABOUT_RETURN_TYPE = YES_ERROR;
				GCC_WARN_UNDECLARED_SELECTOR = YES;
				GCC_WARN_UNINITIALIZED_AUTOS = YES_AGGRESSIVE;
				GCC_WARN_UNUSED_FUNCTION = YES;
				GCC_WARN_UNUSED_VARIABLE = YES;
				IPHONEOS_DEPLOYMENT_TARGET = 9.3;
				MTL_ENABLE_DEBUG_INFO = YES;
				ONLY_ACTIVE_ARCH = YES;
				SDKROOT = iphoneos;
				TARGETED_DEVICE_FAMILY = "1,2";
			};
			name = Debug;
		};
		710256C01E01193C000B80AD /* Release */ = {
			isa = XCBuildConfiguration;
			buildSettings = {
				ALWAYS_SEARCH_USER_PATHS = NO;
				CLANG_ANALYZER_NONNULL = YES;
				CLANG_CXX_LANGUAGE_STANDARD = "gnu++0x";
				CLANG_CXX_LIBRARY = "libc++";
				CLANG_ENABLE_MODULES = YES;
				CLANG_ENABLE_OBJC_ARC = YES;
				CLANG_WARN_BOOL_CONVERSION = YES;
				CLANG_WARN_CONSTANT_CONVERSION = YES;
				CLANG_WARN_DIRECT_OBJC_ISA_USAGE = YES_ERROR;
				CLANG_WARN_EMPTY_BODY = YES;
				CLANG_WARN_ENUM_CONVERSION = YES;
				CLANG_WARN_INT_CONVERSION = YES;
				CLANG_WARN_OBJC_ROOT_CLASS = YES_ERROR;
				CLANG_WARN_UNREACHABLE_CODE = YES;
				CLANG_WARN__DUPLICATE_METHOD_MATCH = YES;
				"CODE_SIGN_IDENTITY[sdk=iphoneos*]" = "iPhone Developer";
				COPY_PHASE_STRIP = NO;
				DEBUG_INFORMATION_FORMAT = "dwarf-with-dsym";
				ENABLE_NS_ASSERTIONS = NO;
				ENABLE_STRICT_OBJC_MSGSEND = YES;
				GCC_C_LANGUAGE_STANDARD = gnu99;
				GCC_NO_COMMON_BLOCKS = YES;
				GCC_WARN_64_TO_32_BIT_CONVERSION = YES;
				GCC_WARN_ABOUT_RETURN_TYPE = YES_ERROR;
				GCC_WARN_UNDECLARED_SELECTOR = YES;
				GCC_WARN_UNINITIALIZED_AUTOS = YES_AGGRESSIVE;
				GCC_WARN_UNUSED_FUNCTION = YES;
				GCC_WARN_UNUSED_VARIABLE = YES;
				IPHONEOS_DEPLOYMENT_TARGET = 9.3;
				MTL_ENABLE_DEBUG_INFO = NO;
				SDKROOT = iphoneos;
				TARGETED_DEVICE_FAMILY = "1,2";
				VALIDATE_PRODUCT = YES;
			};
			name = Release;
		};
		710256C21E01193C000B80AD /* Debug */ = {
			isa = XCBuildConfiguration;
			buildSettings = {
				ASSETCATALOG_COMPILER_APPICON_NAME = AppIcon;
				INFOPLIST_FILE = "ex1-1-2/Info.plist";
				LD_RUNPATH_SEARCH_PATHS = "$(inherited) @executable_path/Frameworks";
				PRODUCT_BUNDLE_IDENTIFIER = "jp.ac.neec.ex1-1-2";
				PRODUCT_NAME = "$(TARGET_NAME)";
			};
			name = Debug;
		};
		710256C31E01193C000B80AD /* Release */ = {
			isa = XCBuildConfiguration;
			buildSettings = {
				ASSETCATALOG_COMPILER_APPICON_NAME = AppIcon;
				INFOPLIST_FILE = "ex1-1-2/Info.plist";
				LD_RUNPATH_SEARCH_PATHS = "$(inherited) @executable_path/Frameworks";
				PRODUCT_BUNDLE_IDENTIFIER = "jp.ac.neec.ex1-1-2";
				PRODUCT_NAME = "$(TARGET_NAME)";
			};
			name = Release;
		};
		710256C51E01193C000B80AD /* Debug */ = {
			isa = XCBuildConfiguration;
			buildSettings = {
				BUNDLE_LOADER = "$(TEST_HOST)";
				INFOPLIST_FILE = "ex1-1-2Tests/Info.plist";
				LD_RUNPATH_SEARCH_PATHS = "$(inherited) @executable_path/Frameworks @loader_path/Frameworks";
				PRODUCT_BUNDLE_IDENTIFIER = "jp.ac.neec.ex1-1-2Tests";
				PRODUCT_NAME = "$(TARGET_NAME)";
				TEST_HOST = "$(BUILT_PRODUCTS_DIR)/ex1-1-2.app/ex1-1-2";
			};
			name = Debug;
		};
		710256C61E01193C000B80AD /* Release */ = {
			isa = XCBuildConfiguration;
			buildSettings = {
				BUNDLE_LOADER = "$(TEST_HOST)";
				INFOPLIST_FILE = "ex1-1-2Tests/Info.plist";
				LD_RUNPATH_SEARCH_PATHS = "$(inherited) @executable_path/Frameworks @loader_path/Frameworks";
				PRODUCT_BUNDLE_IDENTIFIER = "jp.ac.neec.ex1-1-2Tests";
				PRODUCT_NAME = "$(TARGET_NAME)";
				TEST_HOST = "$(BUILT_PRODUCTS_DIR)/ex1-1-2.app/ex1-1-2";
			};
			name = Release;
		};
		710256C81E01193C000B80AD /* Debug */ = {
			isa = XCBuildConfiguration;
			buildSettings = {
				INFOPLIST_FILE = "ex1-1-2UITests/Info.plist";
				LD_RUNPATH_SEARCH_PATHS = "$(inherited) @executable_path/Frameworks @loader_path/Frameworks";
				PRODUCT_BUNDLE_IDENTIFIER = "jp.ac.neec.ex1-1-2UITests";
				PRODUCT_NAME = "$(TARGET_NAME)";
				TEST_TARGET_NAME = "ex1-1-2";
			};
			name = Debug;
		};
		710256C91E01193C000B80AD /* Release */ = {
			isa = XCBuildConfiguration;
			buildSettings = {
				INFOPLIST_FILE = "ex1-1-2UITests/Info.plist";
				LD_RUNPATH_SEARCH_PATHS = "$(inherited) @executable_path/Frameworks @loader_path/Frameworks";
				PRODUCT_BUNDLE_IDENTIFIER = "jp.ac.neec.ex1-1-2UITests";
				PRODUCT_NAME = "$(TARGET_NAME)";
				TEST_TARGET_NAME = "ex1-1-2";
			};
			name = Release;
		};
/* End XCBuildConfiguration section */

/* Begin XCConfigurationList section */
		7102568F1E01193B000B80AD /* Build configuration list for PBXProject "ex1-1-2" */ = {
			isa = XCConfigurationList;
			buildConfigurations = (
				710256BF1E01193C000B80AD /* Debug */,
				710256C01E01193C000B80AD /* Release */,
			);
			defaultConfigurationIsVisible = 0;
			defaultConfigurationName = Release;
		};
		710256C11E01193C000B80AD /* Build configuration list for PBXNativeTarget "ex1-1-2" */ = {
			isa = XCConfigurationList;
			buildConfigurations = (
				710256C21E01193C000B80AD /* Debug */,
				710256C31E01193C000B80AD /* Release */,
			);
			defaultConfigurationIsVisible = 0;
		};
		710256C41E01193C000B80AD /* Build configuration list for PBXNativeTarget "ex1-1-2Tests" */ = {
			isa = XCConfigurationList;
			buildConfigurations = (
				710256C51E01193C000B80AD /* Debug */,
				710256C61E01193C000B80AD /* Release */,
			);
			defaultConfigurationIsVisible = 0;
		};
		710256C71E01193C000B80AD /* Build configuration list for PBXNativeTarget "ex1-1-2UITests" */ = {
			isa = XCConfigurationList;
			buildConfigurations = (
				710256C81E01193C000B80AD /* Debug */,
				710256C91E01193C000B80AD /* Release */,
			);
			defaultConfigurationIsVisible = 0;
		};
/* End XCConfigurationList section */
	};
	rootObject = 7102568C1E01193B000B80AD /* Project object */;
}
