// !$*UTF8*$!
{
	archiveVersion = 1;
	classes = {
	};
	objectVersion = 46;
	objects = {

/* Begin PBXBuildFile section */
		71D4D0141E2C8E3B0099EA15 /* main.m in Sources */ = {isa = PBXBuildFile; fileRef = 71D4D0131E2C8E3B0099EA15 /* main.m */; };
		71D4D0171E2C8E3B0099EA15 /* AppDelegate.m in Sources */ = {isa = PBXBuildFile; fileRef = 71D4D0161E2C8E3B0099EA15 /* AppDelegate.m */; };
		71D4D01A1E2C8E3B0099EA15 /* ViewController.m in Sources */ = {isa = PBXBuildFile; fileRef = 71D4D0191E2C8E3B0099EA15 /* ViewController.m */; };
		71D4D01D1E2C8E3B0099EA15 /* Main.storyboard in Resources */ = {isa = PBXBuildFile; fileRef = 71D4D01B1E2C8E3B0099EA15 /* Main.storyboard */; };
		71D4D01F1E2C8E3B0099EA15 /* Assets.xcassets in Resources */ = {isa = PBXBuildFile; fileRef = 71D4D01E1E2C8E3B0099EA15 /* Assets.xcassets */; };
		71D4D0221E2C8E3B0099EA15 /* LaunchScreen.storyboard in Resources */ = {isa = PBXBuildFile; fileRef = 71D4D0201E2C8E3B0099EA15 /* LaunchScreen.storyboard */; };
		71D4D02D1E2C8E3B0099EA15 /* ex2_1_7Tests.m in Sources */ = {isa = PBXBuildFile; fileRef = 71D4D02C1E2C8E3B0099EA15 /* ex2_1_7Tests.m */; };
		71D4D0381E2C8E3B0099EA15 /* ex2_1_7UITests.m in Sources */ = {isa = PBXBuildFile; fileRef = 71D4D0371E2C8E3B0099EA15 /* ex2_1_7UITests.m */; };
/* End PBXBuildFile section */

/* Begin PBXContainerItemProxy section */
		71D4D0291E2C8E3B0099EA15 /* PBXContainerItemProxy */ = {
			isa = PBXContainerItemProxy;
			containerPortal = 71D4D0071E2C8E3B0099EA15 /* Project object */;
			proxyType = 1;
			remoteGlobalIDString = 71D4D00E1E2C8E3B0099EA15;
			remoteInfo = "ex2-1-7";
		};
		71D4D0341E2C8E3B0099EA15 /* PBXContainerItemProxy */ = {
			isa = PBXContainerItemProxy;
			containerPortal = 71D4D0071E2C8E3B0099EA15 /* Project object */;
			proxyType = 1;
			remoteGlobalIDString = 71D4D00E1E2C8E3B0099EA15;
			remoteInfo = "ex2-1-7";
		};
/* End PBXContainerItemProxy section */

/* Begin PBXFileReference section */
		71D4D00F1E2C8E3B0099EA15 /* ex2-1-7.app */ = {isa = PBXFileReference; explicitFileType = wrapper.application; includeInIndex = 0; path = "ex2-1-7.app"; sourceTree = BUILT_PRODUCTS_DIR; };
		71D4D0131E2C8E3B0099EA15 /* main.m */ = {isa = PBXFileReference; lastKnownFileType = sourcecode.c.objc; path = main.m; sourceTree = "<group>"; };
		71D4D0151E2C8E3B0099EA15 /* AppDelegate.h */ = {isa = PBXFileReference; lastKnownFileType = sourcecode.c.h; path = AppDelegate.h; sourceTree = "<group>"; };
		71D4D0161E2C8E3B0099EA15 /* AppDelegate.m */ = {isa = PBXFileReference; lastKnownFileType = sourcecode.c.objc; path = AppDelegate.m; sourceTree = "<group>"; };
		71D4D0181E2C8E3B0099EA15 /* ViewController.h */ = {isa = PBXFileReference; lastKnownFileType = sourcecode.c.h; path = ViewController.h; sourceTree = "<group>"; };
		71D4D0191E2C8E3B0099EA15 /* ViewController.m */ = {isa = PBXFileReference; lastKnownFileType = sourcecode.c.objc; path = ViewController.m; sourceTree = "<group>"; };
		71D4D01C1E2C8E3B0099EA15 /* Base */ = {isa = PBXFileReference; lastKnownFileType = file.storyboard; name = Base; path = Base.lproj/Main.storyboard; sourceTree = "<group>"; };
		71D4D01E1E2C8E3B0099EA15 /* Assets.xcassets */ = {isa = PBXFileReference; lastKnownFileType = folder.assetcatalog; path = Assets.xcassets; sourceTree = "<group>"; };
		71D4D0211E2C8E3B0099EA15 /* Base */ = {isa = PBXFileReference; lastKnownFileType = file.storyboard; name = Base; path = Base.lproj/LaunchScreen.storyboard; sourceTree = "<group>"; };
		71D4D0231E2C8E3B0099EA15 /* Info.plist */ = {isa = PBXFileReference; lastKnownFileType = text.plist.xml; path = Info.plist; sourceTree = "<group>"; };
		71D4D0281E2C8E3B0099EA15 /* ex2-1-7Tests.xctest */ = {isa = PBXFileReference; explicitFileType = wrapper.cfbundle; includeInIndex = 0; path = "ex2-1-7Tests.xctest"; sourceTree = BUILT_PRODUCTS_DIR; };
		71D4D02C1E2C8E3B0099EA15 /* ex2_1_7Tests.m */ = {isa = PBXFileReference; lastKnownFileType = sourcecode.c.objc; path = ex2_1_7Tests.m; sourceTree = "<group>"; };
		71D4D02E1E2C8E3B0099EA15 /* Info.plist */ = {isa = PBXFileReference; lastKnownFileType = text.plist.xml; path = Info.plist; sourceTree = "<group>"; };
		71D4D0331E2C8E3B0099EA15 /* ex2-1-7UITests.xctest */ = {isa = PBXFileReference; explicitFileType = wrapper.cfbundle; includeInIndex = 0; path = "ex2-1-7UITests.xctest"; sourceTree = BUILT_PRODUCTS_DIR; };
		71D4D0371E2C8E3B0099EA15 /* ex2_1_7UITests.m */ = {isa = PBXFileReference; lastKnownFileType = sourcecode.c.objc; path = ex2_1_7UITests.m; sourceTree = "<group>"; };
		71D4D0391E2C8E3B0099EA15 /* Info.plist */ = {isa = PBXFileReference; lastKnownFileType = text.plist.xml; path = Info.plist; sourceTree = "<group>"; };
/* End PBXFileReference section */

/* Begin PBXFrameworksBuildPhase section */
		71D4D00C1E2C8E3B0099EA15 /* Frameworks */ = {
			isa = PBXFrameworksBuildPhase;
			buildActionMask = 2147483647;
			files = (
			);
			runOnlyForDeploymentPostprocessing = 0;
		};
		71D4D0251E2C8E3B0099EA15 /* Frameworks */ = {
			isa = PBXFrameworksBuildPhase;
			buildActionMask = 2147483647;
			files = (
			);
			runOnlyForDeploymentPostprocessing = 0;
		};
		71D4D0301E2C8E3B0099EA15 /* Frameworks */ = {
			isa = PBXFrameworksBuildPhase;
			buildActionMask = 2147483647;
			files = (
			);
			runOnlyForDeploymentPostprocessing = 0;
		};
/* End PBXFrameworksBuildPhase section */

/* Begin PBXGroup section */
		71D4D0061E2C8E3B0099EA15 = {
			isa = PBXGroup;
			children = (
				71D4D0111E2C8E3B0099EA15 /* ex2-1-7 */,
				71D4D02B1E2C8E3B0099EA15 /* ex2-1-7Tests */,
				71D4D0361E2C8E3B0099EA15 /* ex2-1-7UITests */,
				71D4D0101E2C8E3B0099EA15 /* Products */,
			);
			sourceTree = "<group>";
		};
		71D4D0101E2C8E3B0099EA15 /* Products */ = {
			isa = PBXGroup;
			children = (
				71D4D00F1E2C8E3B0099EA15 /* ex2-1-7.app */,
				71D4D0281E2C8E3B0099EA15 /* ex2-1-7Tests.xctest */,
				71D4D0331E2C8E3B0099EA15 /* ex2-1-7UITests.xctest */,
			);
			name = Products;
			sourceTree = "<group>";
		};
		71D4D0111E2C8E3B0099EA15 /* ex2-1-7 */ = {
			isa = PBXGroup;
			children = (
				71D4D0151E2C8E3B0099EA15 /* AppDelegate.h */,
				71D4D0161E2C8E3B0099EA15 /* AppDelegate.m */,
				71D4D0181E2C8E3B0099EA15 /* ViewController.h */,
				71D4D0191E2C8E3B0099EA15 /* ViewController.m */,
				71D4D01B1E2C8E3B0099EA15 /* Main.storyboard */,
				71D4D01E1E2C8E3B0099EA15 /* Assets.xcassets */,
				71D4D0201E2C8E3B0099EA15 /* LaunchScreen.storyboard */,
				71D4D0231E2C8E3B0099EA15 /* Info.plist */,
				71D4D0121E2C8E3B0099EA15 /* Supporting Files */,
			);
			path = "ex2-1-7";
			sourceTree = "<group>";
		};
		71D4D0121E2C8E3B0099EA15 /* Supporting Files */ = {
			isa = PBXGroup;
			children = (
				71D4D0131E2C8E3B0099EA15 /* main.m */,
			);
			name = "Supporting Files";
			sourceTree = "<group>";
		};
		71D4D02B1E2C8E3B0099EA15 /* ex2-1-7Tests */ = {
			isa = PBXGroup;
			children = (
				71D4D02C1E2C8E3B0099EA15 /* ex2_1_7Tests.m */,
				71D4D02E1E2C8E3B0099EA15 /* Info.plist */,
			);
			path = "ex2-1-7Tests";
			sourceTree = "<group>";
		};
		71D4D0361E2C8E3B0099EA15 /* ex2-1-7UITests */ = {
			isa = PBXGroup;
			children = (
				71D4D0371E2C8E3B0099EA15 /* ex2_1_7UITests.m */,
				71D4D0391E2C8E3B0099EA15 /* Info.plist */,
			);
			path = "ex2-1-7UITests";
			sourceTree = "<group>";
		};
/* End PBXGroup section */

/* Begin PBXNativeTarget section */
		71D4D00E1E2C8E3B0099EA15 /* ex2-1-7 */ = {
			isa = PBXNativeTarget;
			buildConfigurationList = 71D4D03C1E2C8E3B0099EA15 /* Build configuration list for PBXNativeTarget "ex2-1-7" */;
			buildPhases = (
				71D4D00B1E2C8E3B0099EA15 /* Sources */,
				71D4D00C1E2C8E3B0099EA15 /* Frameworks */,
				71D4D00D1E2C8E3B0099EA15 /* Resources */,
			);
			buildRules = (
			);
			dependencies = (
			);
			name = "ex2-1-7";
			productName = "ex2-1-7";
			productReference = 71D4D00F1E2C8E3B0099EA15 /* ex2-1-7.app */;
			productType = "com.apple.product-type.application";
		};
		71D4D0271E2C8E3B0099EA15 /* ex2-1-7Tests */ = {
			isa = PBXNativeTarget;
			buildConfigurationList = 71D4D03F1E2C8E3B0099EA15 /* Build configuration list for PBXNativeTarget "ex2-1-7Tests" */;
			buildPhases = (
				71D4D0241E2C8E3B0099EA15 /* Sources */,
				71D4D0251E2C8E3B0099EA15 /* Frameworks */,
				71D4D0261E2C8E3B0099EA15 /* Resources */,
			);
			buildRules = (
			);
			dependencies = (
				71D4D02A1E2C8E3B0099EA15 /* PBXTargetDependency */,
			);
			name = "ex2-1-7Tests";
			productName = "ex2-1-7Tests";
			productReference = 71D4D0281E2C8E3B0099EA15 /* ex2-1-7Tests.xctest */;
			productType = "com.apple.product-type.bundle.unit-test";
		};
		71D4D0321E2C8E3B0099EA15 /* ex2-1-7UITests */ = {
			isa = PBXNativeTarget;
			buildConfigurationList = 71D4D0421E2C8E3B0099EA15 /* Build configuration list for PBXNativeTarget "ex2-1-7UITests" */;
			buildPhases = (
				71D4D02F1E2C8E3B0099EA15 /* Sources */,
				71D4D0301E2C8E3B0099EA15 /* Frameworks */,
				71D4D0311E2C8E3B0099EA15 /* Resources */,
			);
			buildRules = (
			);
			dependencies = (
				71D4D0351E2C8E3B0099EA15 /* PBXTargetDependency */,
			);
			name = "ex2-1-7UITests";
			productName = "ex2-1-7UITests";
			productReference = 71D4D0331E2C8E3B0099EA15 /* ex2-1-7UITests.xctest */;
			productType = "com.apple.product-type.bundle.ui-testing";
		};
/* End PBXNativeTarget section */

/* Begin PBXProject section */
		71D4D0071E2C8E3B0099EA15 /* Project object */ = {
			isa = PBXProject;
			attributes = {
				LastUpgradeCheck = 0730;
				ORGANIZATIONNAME = "ITユーザー";
				TargetAttributes = {
					71D4D00E1E2C8E3B0099EA15 = {
						CreatedOnToolsVersion = 7.3;
					};
					71D4D0271E2C8E3B0099EA15 = {
						CreatedOnToolsVersion = 7.3;
						TestTargetID = 71D4D00E1E2C8E3B0099EA15;
					};
					71D4D0321E2C8E3B0099EA15 = {
						CreatedOnToolsVersion = 7.3;
						TestTargetID = 71D4D00E1E2C8E3B0099EA15;
					};
				};
			};
			buildConfigurationList = 71D4D00A1E2C8E3B0099EA15 /* Build configuration list for PBXProject "ex2-1-7" */;
			compatibilityVersion = "Xcode 3.2";
			developmentRegion = English;
			hasScannedForEncodings = 0;
			knownRegions = (
				en,
				Base,
			);
			mainGroup = 71D4D0061E2C8E3B0099EA15;
			productRefGroup = 71D4D0101E2C8E3B0099EA15 /* Products */;
			projectDirPath = "";
			projectRoot = "";
			targets = (
				71D4D00E1E2C8E3B0099EA15 /* ex2-1-7 */,
				71D4D0271E2C8E3B0099EA15 /* ex2-1-7Tests */,
				71D4D0321E2C8E3B0099EA15 /* ex2-1-7UITests */,
			);
		};
/* End PBXProject section */

/* Begin PBXResourcesBuildPhase section */
		71D4D00D1E2C8E3B0099EA15 /* Resources */ = {
			isa = PBXResourcesBuildPhase;
			buildActionMask = 2147483647;
			files = (
				71D4D0221E2C8E3B0099EA15 /* LaunchScreen.storyboard in Resources */,
				71D4D01F1E2C8E3B0099EA15 /* Assets.xcassets in Resources */,
				71D4D01D1E2C8E3B0099EA15 /* Main.storyboard in Resources */,
			);
			runOnlyForDeploymentPostprocessing = 0;
		};
		71D4D0261E2C8E3B0099EA15 /* Resources */ = {
			isa = PBXResourcesBuildPhase;
			buildActionMask = 2147483647;
			files = (
			);
			runOnlyForDeploymentPostprocessing = 0;
		};
		71D4D0311E2C8E3B0099EA15 /* Resources */ = {
			isa = PBXResourcesBuildPhase;
			buildActionMask = 2147483647;
			files = (
			);
			runOnlyForDeploymentPostprocessing = 0;
		};
/* End PBXResourcesBuildPhase section */

/* Begin PBXSourcesBuildPhase section */
		71D4D00B1E2C8E3B0099EA15 /* Sources */ = {
			isa = PBXSourcesBuildPhase;
			buildActionMask = 2147483647;
			files = (
				71D4D01A1E2C8E3B0099EA15 /* ViewController.m in Sources */,
				71D4D0171E2C8E3B0099EA15 /* AppDelegate.m in Sources */,
				71D4D0141E2C8E3B0099EA15 /* main.m in Sources */,
			);
			runOnlyForDeploymentPostprocessing = 0;
		};
		71D4D0241E2C8E3B0099EA15 /* Sources */ = {
			isa = PBXSourcesBuildPhase;
			buildActionMask = 2147483647;
			files = (
				71D4D02D1E2C8E3B0099EA15 /* ex2_1_7Tests.m in Sources */,
			);
			runOnlyForDeploymentPostprocessing = 0;
		};
		71D4D02F1E2C8E3B0099EA15 /* Sources */ = {
			isa = PBXSourcesBuildPhase;
			buildActionMask = 2147483647;
			files = (
				71D4D0381E2C8E3B0099EA15 /* ex2_1_7UITests.m in Sources */,
			);
			runOnlyForDeploymentPostprocessing = 0;
		};
/* End PBXSourcesBuildPhase section */

/* Begin PBXTargetDependency section */
		71D4D02A1E2C8E3B0099EA15 /* PBXTargetDependency */ = {
			isa = PBXTargetDependency;
			target = 71D4D00E1E2C8E3B0099EA15 /* ex2-1-7 */;
			targetProxy = 71D4D0291E2C8E3B0099EA15 /* PBXContainerItemProxy */;
		};
		71D4D0351E2C8E3B0099EA15 /* PBXTargetDependency */ = {
			isa = PBXTargetDependency;
			target = 71D4D00E1E2C8E3B0099EA15 /* ex2-1-7 */;
			targetProxy = 71D4D0341E2C8E3B0099EA15 /* PBXContainerItemProxy */;
		};
/* End PBXTargetDependency section */

/* Begin PBXVariantGroup section */
		71D4D01B1E2C8E3B0099EA15 /* Main.storyboard */ = {
			isa = PBXVariantGroup;
			children = (
				71D4D01C1E2C8E3B0099EA15 /* Base */,
			);
			name = Main.storyboard;
			sourceTree = "<group>";
		};
		71D4D0201E2C8E3B0099EA15 /* LaunchScreen.storyboard */ = {
			isa = PBXVariantGroup;
			children = (
				71D4D0211E2C8E3B0099EA15 /* Base */,
			);
			name = LaunchScreen.storyboard;
			sourceTree = "<group>";
		};
/* End PBXVariantGroup section */

/* Begin XCBuildConfiguration section */
		71D4D03A1E2C8E3B0099EA15 /* Debug */ = {
			isa = XCBuildConfiguration;
			buildSettings = {
				ALWAYS_SEARCH_USER_PATHS = NO;
				CLANG_ANALYZER_NONNULL = YES;
				CLANG_CXX_LANGUAGE_STANDARD = "gnu++0x";
				CLANG_CXX_LIBRARY = "libc++";
				CLANG_ENABLE_MODULES = YES;
				CLANG_ENABLE_OBJC_ARC = YES;
				CLANG_WARN_BOOL_CONVERSION = YES;
				CLANG_WARN_CONSTANT_CONVERSION = YES;
				CLANG_WARN_DIRECT_OBJC_ISA_USAGE = YES_ERROR;
				CLANG_WARN_EMPTY_BODY = YES;
				CLANG_WARN_ENUM_CONVERSION = YES;
				CLANG_WARN_INT_CONVERSION = YES;
				CLANG_WARN_OBJC_ROOT_CLASS = YES_ERROR;
				CLANG_WARN_UNREACHABLE_CODE = YES;
				CLANG_WARN__DUPLICATE_METHOD_MATCH = YES;
				"CODE_SIGN_IDENTITY[sdk=iphoneos*]" = "iPhone Developer";
				COPY_PHASE_STRIP = NO;
				DEBUG_INFORMATION_FORMAT = dwarf;
				ENABLE_STRICT_OBJC_MSGSEND = YES;
				ENABLE_TESTABILITY = YES;
				GCC_C_LANGUAGE_STANDARD = gnu99;
				GCC_DYNAMIC_NO_PIC = NO;
				GCC_NO_COMMON_BLOCKS = YES;
				GCC_OPTIMIZATION_LEVEL = 0;
				GCC_PREPROCESSOR_DEFINITIONS = (
					"DEBUG=1",
					"$(inherited)",
				);
				GCC_WARN_64_TO_32_BIT_CONVERSION = YES;
				GCC_WARN_ABOUT_RETURN_TYPE = YES_ERROR;
				GCC_WARN_UNDECLARED_SELECTOR = YES;
				GCC_WARN_UNINITIALIZED_AUTOS = YES_AGGRESSIVE;
				GCC_WARN_UNUSED_FUNCTION = YES;
				GCC_WARN_UNUSED_VARIABLE = YES;
				IPHONEOS_DEPLOYMENT_TARGET = 9.3;
				MTL_ENABLE_DEBUG_INFO = YES;
				ONLY_ACTIVE_ARCH = YES;
				SDKROOT = iphoneos;
				TARGETED_DEVICE_FAMILY = "1,2";
			};
			name = Debug;
		};
		71D4D03B1E2C8E3B0099EA15 /* Release */ = {
			isa = XCBuildConfiguration;
			buildSettings = {
				ALWAYS_SEARCH_USER_PATHS = NO;
				CLANG_ANALYZER_NONNULL = YES;
				CLANG_CXX_LANGUAGE_STANDARD = "gnu++0x";
				CLANG_CXX_LIBRARY = "libc++";
				CLANG_ENABLE_MODULES = YES;
				CLANG_ENABLE_OBJC_ARC = YES;
				CLANG_WARN_BOOL_CONVERSION = YES;
				CLANG_WARN_CONSTANT_CONVERSION = YES;
				CLANG_WARN_DIRECT_OBJC_ISA_USAGE = YES_ERROR;
				CLANG_WARN_EMPTY_BODY = YES;
				CLANG_WARN_ENUM_CONVERSION = YES;
				CLANG_WARN_INT_CONVERSION = YES;
				CLANG_WARN_OBJC_ROOT_CLASS = YES_ERROR;
				CLANG_WARN_UNREACHABLE_CODE = YES;
				CLANG_WARN__DUPLICATE_METHOD_MATCH = YES;
				"CODE_SIGN_IDENTITY[sdk=iphoneos*]" = "iPhone Developer";
				COPY_PHASE_STRIP = NO;
				DEBUG_INFORMATION_FORMAT = "dwarf-with-dsym";
				ENABLE_NS_ASSERTIONS = NO;
				ENABLE_STRICT_OBJC_MSGSEND = YES;
				GCC_C_LANGUAGE_STANDARD = gnu99;
				GCC_NO_COMMON_BLOCKS = YES;
				GCC_WARN_64_TO_32_BIT_CONVERSION = YES;
				GCC_WARN_ABOUT_RETURN_TYPE = YES_ERROR;
				GCC_WARN_UNDECLARED_SELECTOR = YES;
				GCC_WARN_UNINITIALIZED_AUTOS = YES_AGGRESSIVE;
				GCC_WARN_UNUSED_FUNCTION = YES;
				GCC_WARN_UNUSED_VARIABLE = YES;
				IPHONEOS_DEPLOYMENT_TARGET = 9.3;
				MTL_ENABLE_DEBUG_INFO = NO;
				SDKROOT = iphoneos;
				TARGETED_DEVICE_FAMILY = "1,2";
				VALIDATE_PRODUCT = YES;
			};
			name = Release;
		};
		71D4D03D1E2C8E3B0099EA15 /* Debug */ = {
			isa = XCBuildConfiguration;
			buildSettings = {
				ASSETCATALOG_COMPILER_APPICON_NAME = AppIcon;
				INFOPLIST_FILE = "ex2-1-7/Info.plist";
				LD_RUNPATH_SEARCH_PATHS = "$(inherited) @executable_path/Frameworks";
				PRODUCT_BUNDLE_IDENTIFIER = "jp.ac.neec.ex2-1-7";
				PRODUCT_NAME = "$(TARGET_NAME)";
			};
			name = Debug;
		};
		71D4D03E1E2C8E3B0099EA15 /* Release */ = {
			isa = XCBuildConfiguration;
			buildSettings = {
				ASSETCATALOG_COMPILER_APPICON_NAME = AppIcon;
				INFOPLIST_FILE = "ex2-1-7/Info.plist";
				LD_RUNPATH_SEARCH_PATHS = "$(inherited) @executable_path/Frameworks";
				PRODUCT_BUNDLE_IDENTIFIER = "jp.ac.neec.ex2-1-7";
				PRODUCT_NAME = "$(TARGET_NAME)";
			};
			name = Release;
		};
		71D4D0401E2C8E3B0099EA15 /* Debug */ = {
			isa = XCBuildConfiguration;
			buildSettings = {
				BUNDLE_LOADER = "$(TEST_HOST)";
				INFOPLIST_FILE = "ex2-1-7Tests/Info.plist";
				LD_RUNPATH_SEARCH_PATHS = "$(inherited) @executable_path/Frameworks @loader_path/Frameworks";
				PRODUCT_BUNDLE_IDENTIFIER = "jp.ac.neec.ex2-1-7Tests";
				PRODUCT_NAME = "$(TARGET_NAME)";
				TEST_HOST = "$(BUILT_PRODUCTS_DIR)/ex2-1-7.app/ex2-1-7";
			};
			name = Debug;
		};
		71D4D0411E2C8E3B0099EA15 /* Release */ = {
			isa = XCBuildConfiguration;
			buildSettings = {
				BUNDLE_LOADER = "$(TEST_HOST)";
				INFOPLIST_FILE = "ex2-1-7Tests/Info.plist";
				LD_RUNPATH_SEARCH_PATHS = "$(inherited) @executable_path/Frameworks @loader_path/Frameworks";
				PRODUCT_BUNDLE_IDENTIFIER = "jp.ac.neec.ex2-1-7Tests";
				PRODUCT_NAME = "$(TARGET_NAME)";
				TEST_HOST = "$(BUILT_PRODUCTS_DIR)/ex2-1-7.app/ex2-1-7";
			};
			name = Release;
		};
		71D4D0431E2C8E3B0099EA15 /* Debug */ = {
			isa = XCBuildConfiguration;
			buildSettings = {
				INFOPLIST_FILE = "ex2-1-7UITests/Info.plist";
				LD_RUNPATH_SEARCH_PATHS = "$(inherited) @executable_path/Frameworks @loader_path/Frameworks";
				PRODUCT_BUNDLE_IDENTIFIER = "jp.ac.neec.ex2-1-7UITests";
				PRODUCT_NAME = "$(TARGET_NAME)";
				TEST_TARGET_NAME = "ex2-1-7";
			};
			name = Debug;
		};
		71D4D0441E2C8E3B0099EA15 /* Release */ = {
			isa = XCBuildConfiguration;
			buildSettings = {
				INFOPLIST_FILE = "ex2-1-7UITests/Info.plist";
				LD_RUNPATH_SEARCH_PATHS = "$(inherited) @executable_path/Frameworks @loader_path/Frameworks";
				PRODUCT_BUNDLE_IDENTIFIER = "jp.ac.neec.ex2-1-7UITests";
				PRODUCT_NAME = "$(TARGET_NAME)";
				TEST_TARGET_NAME = "ex2-1-7";
			};
			name = Release;
		};
/* End XCBuildConfiguration section */

/* Begin XCConfigurationList section */
		71D4D00A1E2C8E3B0099EA15 /* Build configuration list for PBXProject "ex2-1-7" */ = {
			isa = XCConfigurationList;
			buildConfigurations = (
				71D4D03A1E2C8E3B0099EA15 /* Debug */,
				71D4D03B1E2C8E3B0099EA15 /* Release */,
			);
			defaultConfigurationIsVisible = 0;
			defaultConfigurationName = Release;
		};
		71D4D03C1E2C8E3B0099EA15 /* Build configuration list for PBXNativeTarget "ex2-1-7" */ = {
			isa = XCConfigurationList;
			buildConfigurations = (
				71D4D03D1E2C8E3B0099EA15 /* Debug */,
				71D4D03E1E2C8E3B0099EA15 /* Release */,
			);
			defaultConfigurationIsVisible = 0;
		};
		71D4D03F1E2C8E3B0099EA15 /* Build configuration list for PBXNativeTarget "ex2-1-7Tests" */ = {
			isa = XCConfigurationList;
			buildConfigurations = (
				71D4D0401E2C8E3B0099EA15 /* Debug */,
				71D4D0411E2C8E3B0099EA15 /* Release */,
			);
			defaultConfigurationIsVisible = 0;
		};
		71D4D0421E2C8E3B0099EA15 /* Build configuration list for PBXNativeTarget "ex2-1-7UITests" */ = {
			isa = XCConfigurationList;
			buildConfigurations = (
				71D4D0431E2C8E3B0099EA15 /* Debug */,
				71D4D0441E2C8E3B0099EA15 /* Release */,
			);
			defaultConfigurationIsVisible = 0;
		};
/* End XCConfigurationList section */
	};
	rootObject = 71D4D0071E2C8E3B0099EA15 /* Project object */;
}
